%{"certifi": {:hex, :certifi, "0.4.0"},
  "cowboy": {:hex, :cowboy, "1.0.4"},
  "cowlib": {:hex, :cowlib, "1.0.2"},
  "dialyxir": {:hex, :dialyxir, "0.3.5"},
  "earmark": {:hex, :earmark, "1.0.1"},
  "ex_doc": {:hex, :ex_doc, "0.13.1"},
  "hackney": {:hex, :hackney, "1.6.1"},
  "idna": {:hex, :idna, "1.2.0"},
  "metrics": {:hex, :metrics, "1.0.1"},
  "mime": {:hex, :mime, "1.0.1"},
  "mimerl": {:hex, :mimerl, "1.0.2"},
  "plug": {:hex, :plug, "1.2.0"},
  "poison": {:hex, :poison, "2.2.0"},
  "ranch": {:hex, :ranch, "1.2.1"},
  "remix": {:hex, :remix, "0.0.2"},
  "ssl_verify_fun": {:hex, :ssl_verify_fun, "1.1.0"},
  "ssl_verify_hostname": {:hex, :ssl_verify_hostname, "1.0.5"}}
